
Microsoft Visual Studio Solution File, Format Version 12.00
# Visual Studio Version 16
VisualStudioVersion = 16.0.29609.76
MinimumVisualStudioVersion = 10.0.40219.1
Project("{FAE04EC0-301F-11D3-BF4B-00C04F79EFBC}") = "DynamicTest", "DynamicTest.csproj", "{77E7098E-99E8-4366-A712-77819AF84612}"
EndProject
Global
	GlobalSection(SolutionConfigurationPlatforms) = preSolution
		Debug|Any CPU = Debug|Any CPU
		Release|Any CPU = Release|Any CPU
	EndGlobalSection
	GlobalSection(ProjectConfigurationPlatforms) = postSolution
		{77E7098E-99E8-4366-A712-77819AF84612}.Debug|Any CPU.ActiveCfg = Debug|Any CPU
		{77E7098E-99E8-4366-A712-77819AF84612}.Debug|Any CPU.Build.0 = Debug|Any CPU
		{77E7098E-99E8-4366-A712-77819AF84612}.Release|Any CPU.ActiveCfg = Release|Any CPU
		{77E7098E-99E8-4366-A712-77819AF84612}.Release|Any CPU.Build.0 = Release|Any CPU
	EndGlobalSection
	GlobalSection(SolutionProperties) = preSolution
		HideSolutionNode = FALSE
	EndGlobalSection
	GlobalSection(ExtensibilityGlobals) = postSolution
		SolutionGuid = {F18191D9-03DD-4415-84AB-07B90058CCE9}
	EndGlobalSection
EndGlobal
